
Microsoft Visual Studio Solution File, Format Version 12.00
# Visual Studio 15
VisualStudioVersion = 15.0.27428.2037
MinimumVisualStudioVersion = 10.0.40219.1
Project("{FAE04EC0-301F-11D3-BF4B-00C04F79EFBC}") = "loands", "loands\loands.csproj", "{A6100F20-A4D2-4FD8-A82D-444A6FE5195D}"
EndProject
Global
	GlobalSection(SolutionConfigurationPlatforms) = preSolution
		Debug|Any CPU = Debug|Any CPU
		Release|Any CPU = Release|Any CPU
	EndGlobalSection
	GlobalSection(ProjectConfigurationPlatforms) = postSolution
		{A6100F20-A4D2-4FD8-A82D-444A6FE5195D}.Debug|Any CPU.ActiveCfg = Debug|Any CPU
		{A6100F20-A4D2-4FD8-A82D-444A6FE5195D}.Debug|Any CPU.Build.0 = Debug|Any CPU
		{A6100F20-A4D2-4FD8-A82D-444A6FE5195D}.Release|Any CPU.ActiveCfg = Release|Any CPU
		{A6100F20-A4D2-4FD8-A82D-444A6FE5195D}.Release|Any CPU.Build.0 = Release|Any CPU
	EndGlobalSection
	GlobalSection(SolutionProperties) = preSolution
		HideSolutionNode = FALSE
	EndGlobalSection
	GlobalSection(ExtensibilityGlobals) = postSolution
		SolutionGuid = {94C8E871-5404-48A0-A6AB-31E19694C391}
	EndGlobalSection
EndGlobal
